github.com/ayyaruq/zanarkand v0.0.0-20200126100816-9001c1a6ea94 h1:yFN5PZxWK3Nnvh/K5DKk4O6pMUbL7BhhhO1TxRPy3eM=
github.com/ayyaruq/zanarkand v0.0.0-20200126100816-9001c1a6ea94/go.mod h1:Ofy3u81vl49AuYq+ICdtryOqLn78tCLuxvXyfmyFz5I=
github.com/ayyaruq/zanarkand v0.0.0-20200129065036-ffe0eef7ebf2 h1:hzja1cx9i4OutGjrICfJD06m3bgP2aDTptpG3CIe8Xk=
github.com/ayyaruq/zanarkand v0.0.0-20200201123054-65094edb74d0 h1:Cjc/M/uYaUjHF+79bqaSSVaineQYgVco6UWKAjCcRBo=
github.com/ayyaruq/zanarkand v0.0.0-20200201123054-65094edb74d0/go.mod h1:Ofy3u81vl49AuYq+ICdtryOqLn78tCLuxvXyfmyFz5I=
github.com/google/gopacket v1.1.17 h1:rMrlX2ZY2UbvT+sdz3+6J+pp2z+msCq9MxTU6ymxbBY=
github.com/google/gopacket v1.1.17/go.mod h1:UdDNZ1OO62aGYVnPhxT1U6aI7ukYtA/kB8vaU0diBUM=
golang.org/x/crypto v0.0.0-20190308221718-c2843e01d9a2/go.mod h1:djNgcEr1/C05ACkg1iLfiJU5Ep61QUkGW8qpdssI0+w=
golang.org/x/net v0.0.0-20190404232315-eb5bcb51f2a3/go.mod h1:t9HGtf8HONx5eT2rtn7q6eTqICYqUVnKs3thJo3Qplg=
golang.org/x/net v0.0.0-20190419010253-1f3472d942ba h1:h0zCzEL5UW1mERvwTN6AXcc75PpLkY6OcReia6Dq1BM=
golang.org/x/net v0.0.0-20190419010253-1f3472d942ba/go.mod h1:t9HGtf8HONx5eT2rtn7q6eTqICYqUVnKs3thJo3Qplg=
golang.org/x/sys v0.0.0-20190215142949-d0b11bdaac8a/go.mod h1:STP8DvDyc/dI5b8T5hshtkjS+E42TnysNCUPdjciGhY=
golang.org/x/sys v0.0.0-20190405154228-4b34438f7a67/go.mod h1:h1NjWce9XRLGQEsW7wpKNCjG9DtNlClVuFLEZdDNbEs=
golang.org/x/sys v0.0.0-20190418153312-f0ce4c0180be h1:mI+jhqkn68ybP0ORJqunXn+fq+Eeb4hHKqLQcFICjAc=
golang.org/x/sys v0.0.0-20190418153312-f0ce4c0180be/go.mod h1:h1NjWce9XRLGQEsW7wpKNCjG9DtNlClVuFLEZdDNbEs=
golang.org/x/text v0.3.0/go.mod h1:NqM8EUOU14njkJ3fqMW+pc6Ldnwhi/IjpwHt7yyuwOQ=
